// !$*UTF8*$!
{
	archiveVersion = 1;
	classes = {
	};
	objectVersion = 48;
	objects = {

/* Begin PBXBuildFile section */
		99E416D596E236C94B348FDF /* Pods_kc_Madrid_shops.framework in Frameworks */ = {isa = PBXBuildFile; fileRef = AA9322D558819B007B7FAD41 /* Pods_kc_Madrid_shops.framework */; };
		D81D30C21F756B180009BD94 /* AppDelegate.swift in Sources */ = {isa = PBXBuildFile; fileRef = D81D30C11F756B180009BD94 /* AppDelegate.swift */; };
		D81D30C41F756B180009BD94 /* ViewController.swift in Sources */ = {isa = PBXBuildFile; fileRef = D81D30C31F756B180009BD94 /* ViewController.swift */; };
		D81D30CA1F756B180009BD94 /* kc_Madrid_shops.xcdatamodeld in Sources */ = {isa = PBXBuildFile; fileRef = D81D30C81F756B180009BD94 /* kc_Madrid_shops.xcdatamodeld */; };
		D81D30CC1F756B180009BD94 /* Assets.xcassets in Resources */ = {isa = PBXBuildFile; fileRef = D81D30CB1F756B180009BD94 /* Assets.xcassets */; };
		D81D30CF1F756B180009BD94 /* LaunchScreen.storyboard in Resources */ = {isa = PBXBuildFile; fileRef = D81D30CD1F756B180009BD94 /* LaunchScreen.storyboard */; };
		D81D30DA1F756B180009BD94 /* kc_Madrid_shopsTests.swift in Sources */ = {isa = PBXBuildFile; fileRef = D81D30D91F756B180009BD94 /* kc_Madrid_shopsTests.swift */; };
		D81D30E81F756CF10009BD94 /* menuModels.swift in Sources */ = {isa = PBXBuildFile; fileRef = D81D30E71F756CF10009BD94 /* menuModels.swift */; };
		D81D30EE1F756F8E0009BD94 /* MenuTableViewController.swift in Sources */ = {isa = PBXBuildFile; fileRef = D81D30EC1F756F8E0009BD94 /* MenuTableViewController.swift */; };
		D81D30F21F7571420009BD94 /* MenuTableViewCell.swift in Sources */ = {isa = PBXBuildFile; fileRef = D81D30F01F7571420009BD94 /* MenuTableViewCell.swift */; };
		D81D30F31F7571420009BD94 /* MenuTableViewCell.xib in Resources */ = {isa = PBXBuildFile; fileRef = D81D30F11F7571420009BD94 /* MenuTableViewCell.xib */; };
		D81D30F61F7572A10009BD94 /* CocoaExtensions.swift in Sources */ = {isa = PBXBuildFile; fileRef = D81D30F51F7572A10009BD94 /* CocoaExtensions.swift */; };
		D81D30FB1F75758F0009BD94 /* Localizable.strings in Resources */ = {isa = PBXBuildFile; fileRef = D81D30FD1F75758F0009BD94 /* Localizable.strings */; };
/* End PBXBuildFile section */

/* Begin PBXContainerItemProxy section */
		D81D30D61F756B180009BD94 /* PBXContainerItemProxy */ = {
			isa = PBXContainerItemProxy;
			containerPortal = D81D30B61F756B180009BD94 /* Project object */;
			proxyType = 1;
			remoteGlobalIDString = D81D30BD1F756B180009BD94;
			remoteInfo = "kc-Madrid-shops";
		};
/* End PBXContainerItemProxy section */

/* Begin PBXFileReference section */
		AA9322D558819B007B7FAD41 /* Pods_kc_Madrid_shops.framework */ = {isa = PBXFileReference; explicitFileType = wrapper.framework; includeInIndex = 0; path = Pods_kc_Madrid_shops.framework; sourceTree = BUILT_PRODUCTS_DIR; };
		CFF948BBD5DBB6476DB01BBE /* Pods-kc-Madrid-shops.release.xcconfig */ = {isa = PBXFileReference; includeInIndex = 1; lastKnownFileType = text.xcconfig; name = "Pods-kc-Madrid-shops.release.xcconfig"; path = "Pods/Target Support Files/Pods-kc-Madrid-shops/Pods-kc-Madrid-shops.release.xcconfig"; sourceTree = "<group>"; };
		D6828F5EF39C65C6AEA12672 /* Pods-kc-Madrid-shops.debug.xcconfig */ = {isa = PBXFileReference; includeInIndex = 1; lastKnownFileType = text.xcconfig; name = "Pods-kc-Madrid-shops.debug.xcconfig"; path = "Pods/Target Support Files/Pods-kc-Madrid-shops/Pods-kc-Madrid-shops.debug.xcconfig"; sourceTree = "<group>"; };
		D81D30BE1F756B180009BD94 /* kc-Madrid-shops.app */ = {isa = PBXFileReference; explicitFileType = wrapper.application; includeInIndex = 0; path = "kc-Madrid-shops.app"; sourceTree = BUILT_PRODUCTS_DIR; };
		D81D30C11F756B180009BD94 /* AppDelegate.swift */ = {isa = PBXFileReference; lastKnownFileType = sourcecode.swift; path = AppDelegate.swift; sourceTree = "<group>"; };
		D81D30C31F756B180009BD94 /* ViewController.swift */ = {isa = PBXFileReference; lastKnownFileType = sourcecode.swift; path = ViewController.swift; sourceTree = "<group>"; };
		D81D30C91F756B180009BD94 /* kc_Madrid_shops.xcdatamodel */ = {isa = PBXFileReference; lastKnownFileType = wrapper.xcdatamodel; path = kc_Madrid_shops.xcdatamodel; sourceTree = "<group>"; };
		D81D30CB1F756B180009BD94 /* Assets.xcassets */ = {isa = PBXFileReference; lastKnownFileType = folder.assetcatalog; path = Assets.xcassets; sourceTree = "<group>"; };
		D81D30CE1F756B180009BD94 /* Base */ = {isa = PBXFileReference; lastKnownFileType = file.storyboard; name = Base; path = Base.lproj/LaunchScreen.storyboard; sourceTree = "<group>"; };
		D81D30D01F756B180009BD94 /* Info.plist */ = {isa = PBXFileReference; lastKnownFileType = text.plist.xml; path = Info.plist; sourceTree = "<group>"; };
		D81D30D51F756B180009BD94 /* kc-Madrid-shopsTests.xctest */ = {isa = PBXFileReference; explicitFileType = wrapper.cfbundle; includeInIndex = 0; path = "kc-Madrid-shopsTests.xctest"; sourceTree = BUILT_PRODUCTS_DIR; };
		D81D30D91F756B180009BD94 /* kc_Madrid_shopsTests.swift */ = {isa = PBXFileReference; lastKnownFileType = sourcecode.swift; path = kc_Madrid_shopsTests.swift; sourceTree = "<group>"; };
		D81D30DB1F756B180009BD94 /* Info.plist */ = {isa = PBXFileReference; lastKnownFileType = text.plist.xml; path = Info.plist; sourceTree = "<group>"; };
		D81D30E71F756CF10009BD94 /* menuModels.swift */ = {isa = PBXFileReference; lastKnownFileType = sourcecode.swift; path = menuModels.swift; sourceTree = "<group>"; };
		D81D30EA1F756DF50009BD94 /* shop-5.png */ = {isa = PBXFileReference; lastKnownFileType = image.png; path = "shop-5.png"; sourceTree = "<group>"; };
		D81D30EB1F756DFD0009BD94 /* events.svg */ = {isa = PBXFileReference; lastKnownFileType = text.xml; path = events.svg; sourceTree = "<group>"; };
		D81D30EC1F756F8E0009BD94 /* MenuTableViewController.swift */ = {isa = PBXFileReference; lastKnownFileType = sourcecode.swift; path = MenuTableViewController.swift; sourceTree = "<group>"; };
		D81D30F01F7571420009BD94 /* MenuTableViewCell.swift */ = {isa = PBXFileReference; lastKnownFileType = sourcecode.swift; path = MenuTableViewCell.swift; sourceTree = "<group>"; };
		D81D30F11F7571420009BD94 /* MenuTableViewCell.xib */ = {isa = PBXFileReference; lastKnownFileType = file.xib; path = MenuTableViewCell.xib; sourceTree = "<group>"; };
		D81D30F51F7572A10009BD94 /* CocoaExtensions.swift */ = {isa = PBXFileReference; lastKnownFileType = sourcecode.swift; path = CocoaExtensions.swift; sourceTree = "<group>"; };
		D81D30F71F7575600009BD94 /* es */ = {isa = PBXFileReference; lastKnownFileType = text.plist.strings; name = es; path = es.lproj/LaunchScreen.strings; sourceTree = "<group>"; };
		D81D30FC1F75758F0009BD94 /* en */ = {isa = PBXFileReference; lastKnownFileType = text.plist.strings; name = en; path = en.lproj/Localizable.strings; sourceTree = "<group>"; };
		D81D30FE1F7575920009BD94 /* es */ = {isa = PBXFileReference; lastKnownFileType = text.plist.strings; name = es; path = es.lproj/Localizable.strings; sourceTree = "<group>"; };
		D81D31021F7579020009BD94 /* Shops.swift */ = {isa = PBXFileReference; lastKnownFileType = sourcecode.swift; path = Shops.swift; sourceTree = "<group>"; };
		D81D31031F7579020009BD94 /* Shop.swift */ = {isa = PBXFileReference; lastKnownFileType = sourcecode.swift; path = Shop.swift; sourceTree = "<group>"; };
		D81D31041F757A420009BD94 /* CoreDataStack.swift */ = {isa = PBXFileReference; lastKnownFileType = sourcecode.swift; path = CoreDataStack.swift; sourceTree = "<group>"; };
/* End PBXFileReference section */

/* Begin PBXFrameworksBuildPhase section */
		D81D30BB1F756B180009BD94 /* Frameworks */ = {
			isa = PBXFrameworksBuildPhase;
			buildActionMask = 2147483647;
			files = (
				99E416D596E236C94B348FDF /* Pods_kc_Madrid_shops.framework in Frameworks */,
			);
			runOnlyForDeploymentPostprocessing = 0;
		};
		D81D30D21F756B180009BD94 /* Frameworks */ = {
			isa = PBXFrameworksBuildPhase;
			buildActionMask = 2147483647;
			files = (
			);
			runOnlyForDeploymentPostprocessing = 0;
		};
/* End PBXFrameworksBuildPhase section */

/* Begin PBXGroup section */
		2BE9BF7D616373974B119670 /* Frameworks */ = {
			isa = PBXGroup;
			children = (
				AA9322D558819B007B7FAD41 /* Pods_kc_Madrid_shops.framework */,
			);
			name = Frameworks;
			sourceTree = "<group>";
		};
		7323DB113095292808B2A914 /* Pods */ = {
			isa = PBXGroup;
			children = (
				D6828F5EF39C65C6AEA12672 /* Pods-kc-Madrid-shops.debug.xcconfig */,
				CFF948BBD5DBB6476DB01BBE /* Pods-kc-Madrid-shops.release.xcconfig */,
			);
			name = Pods;
			sourceTree = "<group>";
		};
		D81D30B51F756B180009BD94 = {
			isa = PBXGroup;
			children = (
				D81D30C01F756B180009BD94 /* kc-Madrid-shops */,
				D81D30D81F756B180009BD94 /* kc-Madrid-shopsTests */,
				D81D30BF1F756B180009BD94 /* Products */,
				7323DB113095292808B2A914 /* Pods */,
				2BE9BF7D616373974B119670 /* Frameworks */,
			);
			sourceTree = "<group>";
		};
		D81D30BF1F756B180009BD94 /* Products */ = {
			isa = PBXGroup;
			children = (
				D81D30BE1F756B180009BD94 /* kc-Madrid-shops.app */,
				D81D30D51F756B180009BD94 /* kc-Madrid-shopsTests.xctest */,
			);
			name = Products;
			sourceTree = "<group>";
		};
		D81D30C01F756B180009BD94 /* kc-Madrid-shops */ = {
			isa = PBXGroup;
			children = (
				D81D31001F7578EC0009BD94 /* Shops */,
				D81D30FF1F7578980009BD94 /* CoreData */,
				D81D30F81F75756F0009BD94 /* MultiLanguage */,
				D81D30F41F7572910009BD94 /* Extensions */,
				D81D30E41F756CC20009BD94 /* Menu */,
				D81D30C11F756B180009BD94 /* AppDelegate.swift */,
				D81D30C31F756B180009BD94 /* ViewController.swift */,
				D81D30CB1F756B180009BD94 /* Assets.xcassets */,
				D81D30CD1F756B180009BD94 /* LaunchScreen.storyboard */,
				D81D30D01F756B180009BD94 /* Info.plist */,
				D81D30C81F756B180009BD94 /* kc_Madrid_shops.xcdatamodeld */,
			);
			path = "kc-Madrid-shops";
			sourceTree = "<group>";
		};
		D81D30D81F756B180009BD94 /* kc-Madrid-shopsTests */ = {
			isa = PBXGroup;
			children = (
				D81D30D91F756B180009BD94 /* kc_Madrid_shopsTests.swift */,
				D81D30DB1F756B180009BD94 /* Info.plist */,
			);
			path = "kc-Madrid-shopsTests";
			sourceTree = "<group>";
		};
		D81D30E41F756CC20009BD94 /* Menu */ = {
			isa = PBXGroup;
			children = (
				D81D30E91F756DB20009BD94 /* images */,
				D81D30E61F756CDE0009BD94 /* models */,
				D81D30E51F756CCA0009BD94 /* Controllers */,
			);
			path = Menu;
			sourceTree = "<group>";
		};
		D81D30E51F756CCA0009BD94 /* Controllers */ = {
			isa = PBXGroup;
			children = (
				D81D30EC1F756F8E0009BD94 /* MenuTableViewController.swift */,
				D81D30F01F7571420009BD94 /* MenuTableViewCell.swift */,
				D81D30F11F7571420009BD94 /* MenuTableViewCell.xib */,
			);
			path = Controllers;
			sourceTree = "<group>";
		};
		D81D30E61F756CDE0009BD94 /* models */ = {
			isa = PBXGroup;
			children = (
				D81D30E71F756CF10009BD94 /* menuModels.swift */,
			);
			path = models;
			sourceTree = "<group>";
		};
		D81D30E91F756DB20009BD94 /* images */ = {
			isa = PBXGroup;
			children = (
				D81D30EA1F756DF50009BD94 /* shop-5.png */,
				D81D30EB1F756DFD0009BD94 /* events.svg */,
			);
			path = images;
			sourceTree = "<group>";
		};
		D81D30F41F7572910009BD94 /* Extensions */ = {
			isa = PBXGroup;
			children = (
				D81D30F51F7572A10009BD94 /* CocoaExtensions.swift */,
			);
			path = Extensions;
			sourceTree = "<group>";
		};
		D81D30F81F75756F0009BD94 /* MultiLanguage */ = {
			isa = PBXGroup;
			children = (
				D81D30FD1F75758F0009BD94 /* Localizable.strings */,
			);
			path = MultiLanguage;
			sourceTree = "<group>";
		};
		D81D30FF1F7578980009BD94 /* CoreData */ = {
			isa = PBXGroup;
			children = (
				D81D31041F757A420009BD94 /* CoreDataStack.swift */,
			);
			path = CoreData;
			sourceTree = "<group>";
		};
		D81D31001F7578EC0009BD94 /* Shops */ = {
			isa = PBXGroup;
			children = (
				D81D31011F7578F10009BD94 /* Models */,
			);
			path = Shops;
			sourceTree = "<group>";
		};
		D81D31011F7578F10009BD94 /* Models */ = {
			isa = PBXGroup;
			children = (
				D81D31031F7579020009BD94 /* Shop.swift */,
				D81D31021F7579020009BD94 /* Shops.swift */,
			);
			path = Models;
			sourceTree = "<group>";
		};
/* End PBXGroup section */

/* Begin PBXNativeTarget section */
		D81D30BD1F756B180009BD94 /* kc-Madrid-shops */ = {
			isa = PBXNativeTarget;
			buildConfigurationList = D81D30DE1F756B180009BD94 /* Build configuration list for PBXNativeTarget "kc-Madrid-shops" */;
			buildPhases = (
				6E27A15683CA2308AAE1674D /* [CP] Check Pods Manifest.lock */,
				D81D30BA1F756B180009BD94 /* Sources */,
				D81D30BB1F756B180009BD94 /* Frameworks */,
				D81D30BC1F756B180009BD94 /* Resources */,
				DE74732E9E73D5CE3DBACDDA /* [CP] Embed Pods Frameworks */,
				C3B79A4741CE647B23FD5A28 /* [CP] Copy Pods Resources */,
			);
			buildRules = (
			);
			dependencies = (
			);
			name = "kc-Madrid-shops";
			productName = "kc-Madrid-shops";
			productReference = D81D30BE1F756B180009BD94 /* kc-Madrid-shops.app */;
			productType = "com.apple.product-type.application";
		};
		D81D30D41F756B180009BD94 /* kc-Madrid-shopsTests */ = {
			isa = PBXNativeTarget;
			buildConfigurationList = D81D30E11F756B180009BD94 /* Build configuration list for PBXNativeTarget "kc-Madrid-shopsTests" */;
			buildPhases = (
				D81D30D11F756B180009BD94 /* Sources */,
				D81D30D21F756B180009BD94 /* Frameworks */,
				D81D30D31F756B180009BD94 /* Resources */,
			);
			buildRules = (
			);
			dependencies = (
				D81D30D71F756B180009BD94 /* PBXTargetDependency */,
			);
			name = "kc-Madrid-shopsTests";
			productName = "kc-Madrid-shopsTests";
			productReference = D81D30D51F756B180009BD94 /* kc-Madrid-shopsTests.xctest */;
			productType = "com.apple.product-type.bundle.unit-test";
		};
/* End PBXNativeTarget section */

/* Begin PBXProject section */
		D81D30B61F756B180009BD94 /* Project object */ = {
			isa = PBXProject;
			attributes = {
				LastSwiftUpdateCheck = 0900;
				LastUpgradeCheck = 0900;
				ORGANIZATIONNAME = "jose luis Bustos";
				TargetAttributes = {
					D81D30BD1F756B180009BD94 = {
						CreatedOnToolsVersion = 9.0;
						ProvisioningStyle = Automatic;
					};
					D81D30D41F756B180009BD94 = {
						CreatedOnToolsVersion = 9.0;
						ProvisioningStyle = Automatic;
						TestTargetID = D81D30BD1F756B180009BD94;
					};
				};
			};
			buildConfigurationList = D81D30B91F756B180009BD94 /* Build configuration list for PBXProject "kc-Madrid-shops" */;
			compatibilityVersion = "Xcode 8.0";
			developmentRegion = en;
			hasScannedForEncodings = 0;
			knownRegions = (
				en,
				Base,
				es,
			);
			mainGroup = D81D30B51F756B180009BD94;
			productRefGroup = D81D30BF1F756B180009BD94 /* Products */;
			projectDirPath = "";
			projectRoot = "";
			targets = (
				D81D30BD1F756B180009BD94 /* kc-Madrid-shops */,
				D81D30D41F756B180009BD94 /* kc-Madrid-shopsTests */,
			);
		};
/* End PBXProject section */

/* Begin PBXResourcesBuildPhase section */
		D81D30BC1F756B180009BD94 /* Resources */ = {
			isa = PBXResourcesBuildPhase;
			buildActionMask = 2147483647;
			files = (
				D81D30F31F7571420009BD94 /* MenuTableViewCell.xib in Resources */,
				D81D30CF1F756B180009BD94 /* LaunchScreen.storyboard in Resources */,
				D81D30CC1F756B180009BD94 /* Assets.xcassets in Resources */,
				D81D30FB1F75758F0009BD94 /* Localizable.strings in Resources */,
			);
			runOnlyForDeploymentPostprocessing = 0;
		};
		D81D30D31F756B180009BD94 /* Resources */ = {
			isa = PBXResourcesBuildPhase;
			buildActionMask = 2147483647;
			files = (
			);
			runOnlyForDeploymentPostprocessing = 0;
		};
/* End PBXResourcesBuildPhase section */

/* Begin PBXShellScriptBuildPhase section */
		6E27A15683CA2308AAE1674D /* [CP] Check Pods Manifest.lock */ = {
			isa = PBXShellScriptBuildPhase;
			buildActionMask = 2147483647;
			files = (
			);
			inputPaths = (
				"${PODS_PODFILE_DIR_PATH}/Podfile.lock",
				"${PODS_ROOT}/Manifest.lock",
			);
			name = "[CP] Check Pods Manifest.lock";
			outputPaths = (
				"$(DERIVED_FILE_DIR)/Pods-kc-Madrid-shops-checkManifestLockResult.txt",
			);
			runOnlyForDeploymentPostprocessing = 0;
			shellPath = /bin/sh;
			shellScript = "diff \"${PODS_PODFILE_DIR_PATH}/Podfile.lock\" \"${PODS_ROOT}/Manifest.lock\" > /dev/null\nif [ $? != 0 ] ; then\n    # print error to STDERR\n    echo \"error: The sandbox is not in sync with the Podfile.lock. Run 'pod install' or update your CocoaPods installation.\" >&2\n    exit 1\nfi\n# This output is used by Xcode 'outputs' to avoid re-running this script phase.\necho \"SUCCESS\" > \"${SCRIPT_OUTPUT_FILE_0}\"\n";
			showEnvVarsInLog = 0;
		};
		C3B79A4741CE647B23FD5A28 /* [CP] Copy Pods Resources */ = {
			isa = PBXShellScriptBuildPhase;
			buildActionMask = 2147483647;
			files = (
			);
			inputPaths = (
			);
			name = "[CP] Copy Pods Resources";
			outputPaths = (
			);
			runOnlyForDeploymentPostprocessing = 0;
			shellPath = /bin/sh;
			shellScript = "\"${SRCROOT}/Pods/Target Support Files/Pods-kc-Madrid-shops/Pods-kc-Madrid-shops-resources.sh\"\n";
			showEnvVarsInLog = 0;
		};
		DE74732E9E73D5CE3DBACDDA /* [CP] Embed Pods Frameworks */ = {
			isa = PBXShellScriptBuildPhase;
			buildActionMask = 2147483647;
			files = (
			);
			inputPaths = (
				"${SRCROOT}/Pods/Target Support Files/Pods-kc-Madrid-shops/Pods-kc-Madrid-shops-frameworks.sh",
				"${BUILT_PRODUCTS_DIR}/SVProgressHUD/SVProgressHUD.framework",
			);
			name = "[CP] Embed Pods Frameworks";
			outputPaths = (
				"${TARGET_BUILD_DIR}/${FRAMEWORKS_FOLDER_PATH}/SVProgressHUD.framework",
			);
			runOnlyForDeploymentPostprocessing = 0;
			shellPath = /bin/sh;
			shellScript = "\"${SRCROOT}/Pods/Target Support Files/Pods-kc-Madrid-shops/Pods-kc-Madrid-shops-frameworks.sh\"\n";
			showEnvVarsInLog = 0;
		};
/* End PBXShellScriptBuildPhase section */

/* Begin PBXSourcesBuildPhase section */
		D81D30BA1F756B180009BD94 /* Sources */ = {
			isa = PBXSourcesBuildPhase;
			buildActionMask = 2147483647;
			files = (
				D81D30E81F756CF10009BD94 /* menuModels.swift in Sources */,
				D81D30F61F7572A10009BD94 /* CocoaExtensions.swift in Sources */,
				D81D30CA1F756B180009BD94 /* kc_Madrid_shops.xcdatamodeld in Sources */,
				D81D30F21F7571420009BD94 /* MenuTableViewCell.swift in Sources */,
				D81D30EE1F756F8E0009BD94 /* MenuTableViewController.swift in Sources */,
				D81D30C41F756B180009BD94 /* ViewController.swift in Sources */,
				D81D30C21F756B180009BD94 /* AppDelegate.swift in Sources */,
			);
			runOnlyForDeploymentPostprocessing = 0;
		};
		D81D30D11F756B180009BD94 /* Sources */ = {
			isa = PBXSourcesBuildPhase;
			buildActionMask = 2147483647;
			files = (
				D81D30DA1F756B180009BD94 /* kc_Madrid_shopsTests.swift in Sources */,
			);
			runOnlyForDeploymentPostprocessing = 0;
		};
/* End PBXSourcesBuildPhase section */

/* Begin PBXTargetDependency section */
		D81D30D71F756B180009BD94 /* PBXTargetDependency */ = {
			isa = PBXTargetDependency;
			target = D81D30BD1F756B180009BD94 /* kc-Madrid-shops */;
			targetProxy = D81D30D61F756B180009BD94 /* PBXContainerItemProxy */;
		};
/* End PBXTargetDependency section */

/* Begin PBXVariantGroup section */
		D81D30CD1F756B180009BD94 /* LaunchScreen.storyboard */ = {
			isa = PBXVariantGroup;
			children = (
				D81D30CE1F756B180009BD94 /* Base */,
				D81D30F71F7575600009BD94 /* es */,
			);
			name = LaunchScreen.storyboard;
			sourceTree = "<group>";
		};
		D81D30FD1F75758F0009BD94 /* Localizable.strings */ = {
			isa = PBXVariantGroup;
			children = (
				D81D30FC1F75758F0009BD94 /* en */,
				D81D30FE1F7575920009BD94 /* es */,
			);
			name = Localizable.strings;
			sourceTree = "<group>";
		};
/* End PBXVariantGroup section */

/* Begin XCBuildConfiguration section */
		D81D30DC1F756B180009BD94 /* Debug */ = {
			isa = XCBuildConfiguration;
			buildSettings = {
				ALWAYS_SEARCH_USER_PATHS = NO;
				CLANG_ANALYZER_LOCALIZABILITY_NONLOCALIZED = YES;
				CLANG_ANALYZER_NONNULL = YES;
				CLANG_ANALYZER_NUMBER_OBJECT_CONVERSION = YES_AGGRESSIVE;
				CLANG_CXX_LANGUAGE_STANDARD = "gnu++14";
				CLANG_CXX_LIBRARY = "libc++";
				CLANG_ENABLE_MODULES = YES;
				CLANG_ENABLE_OBJC_ARC = YES;
				CLANG_WARN_BLOCK_CAPTURE_AUTORELEASING = YES;
				CLANG_WARN_BOOL_CONVERSION = YES;
				CLANG_WARN_COMMA = YES;
				CLANG_WARN_CONSTANT_CONVERSION = YES;
				CLANG_WARN_DIRECT_OBJC_ISA_USAGE = YES_ERROR;
				CLANG_WARN_DOCUMENTATION_COMMENTS = YES;
				CLANG_WARN_EMPTY_BODY = YES;
				CLANG_WARN_ENUM_CONVERSION = YES;
				CLANG_WARN_INFINITE_RECURSION = YES;
				CLANG_WARN_INT_CONVERSION = YES;
				CLANG_WARN_NON_LITERAL_NULL_CONVERSION = YES;
				CLANG_WARN_OBJC_LITERAL_CONVERSION = YES;
				CLANG_WARN_OBJC_ROOT_CLASS = YES_ERROR;
				CLANG_WARN_RANGE_LOOP_ANALYSIS = YES;
				CLANG_WARN_STRICT_PROTOTYPES = YES;
				CLANG_WARN_SUSPICIOUS_MOVE = YES;
				CLANG_WARN_UNGUARDED_AVAILABILITY = YES_AGGRESSIVE;
				CLANG_WARN_UNREACHABLE_CODE = YES;
				CLANG_WARN__DUPLICATE_METHOD_MATCH = YES;
				CODE_SIGN_IDENTITY = "iPhone Developer";
				COPY_PHASE_STRIP = NO;
				DEBUG_INFORMATION_FORMAT = dwarf;
				ENABLE_STRICT_OBJC_MSGSEND = YES;
				ENABLE_TESTABILITY = YES;
				GCC_C_LANGUAGE_STANDARD = gnu11;
				GCC_DYNAMIC_NO_PIC = NO;
				GCC_NO_COMMON_BLOCKS = YES;
				GCC_OPTIMIZATION_LEVEL = 0;
				GCC_PREPROCESSOR_DEFINITIONS = (
					"DEBUG=1",
					"$(inherited)",
				);
				GCC_WARN_64_TO_32_BIT_CONVERSION = YES;
				GCC_WARN_ABOUT_RETURN_TYPE = YES_ERROR;
				GCC_WARN_UNDECLARED_SELECTOR = YES;
				GCC_WARN_UNINITIALIZED_AUTOS = YES_AGGRESSIVE;
				GCC_WARN_UNUSED_FUNCTION = YES;
				GCC_WARN_UNUSED_VARIABLE = YES;
				IPHONEOS_DEPLOYMENT_TARGET = 11.0;
				MTL_ENABLE_DEBUG_INFO = YES;
				ONLY_ACTIVE_ARCH = YES;
				SDKROOT = iphoneos;
				SWIFT_ACTIVE_COMPILATION_CONDITIONS = DEBUG;
				SWIFT_OPTIMIZATION_LEVEL = "-Onone";
			};
			name = Debug;
		};
		D81D30DD1F756B180009BD94 /* Release */ = {
			isa = XCBuildConfiguration;
			buildSettings = {
				ALWAYS_SEARCH_USER_PATHS = NO;
				CLANG_ANALYZER_LOCALIZABILITY_NONLOCALIZED = YES;
				CLANG_ANALYZER_NONNULL = YES;
				CLANG_ANALYZER_NUMBER_OBJECT_CONVERSION = YES_AGGRESSIVE;
				CLANG_CXX_LANGUAGE_STANDARD = "gnu++14";
				CLANG_CXX_LIBRARY = "libc++";
				CLANG_ENABLE_MODULES = YES;
				CLANG_ENABLE_OBJC_ARC = YES;
				CLANG_WARN_BLOCK_CAPTURE_AUTORELEASING = YES;
				CLANG_WARN_BOOL_CONVERSION = YES;
				CLANG_WARN_COMMA = YES;
				CLANG_WARN_CONSTANT_CONVERSION = YES;
				CLANG_WARN_DIRECT_OBJC_ISA_USAGE = YES_ERROR;
				CLANG_WARN_DOCUMENTATION_COMMENTS = YES;
				CLANG_WARN_EMPTY_BODY = YES;
				CLANG_WARN_ENUM_CONVERSION = YES;
				CLANG_WARN_INFINITE_RECURSION = YES;
				CLANG_WARN_INT_CONVERSION = YES;
				CLANG_WARN_NON_LITERAL_NULL_CONVERSION = YES;
				CLANG_WARN_OBJC_LITERAL_CONVERSION = YES;
				CLANG_WARN_OBJC_ROOT_CLASS = YES_ERROR;
				CLANG_WARN_RANGE_LOOP_ANALYSIS = YES;
				CLANG_WARN_STRICT_PROTOTYPES = YES;
				CLANG_WARN_SUSPICIOUS_MOVE = YES;
				CLANG_WARN_UNGUARDED_AVAILABILITY = YES_AGGRESSIVE;
				CLANG_WARN_UNREACHABLE_CODE = YES;
				CLANG_WARN__DUPLICATE_METHOD_MATCH = YES;
				CODE_SIGN_IDENTITY = "iPhone Developer";
				COPY_PHASE_STRIP = NO;
				DEBUG_INFORMATION_FORMAT = "dwarf-with-dsym";
				ENABLE_NS_ASSERTIONS = NO;
				ENABLE_STRICT_OBJC_MSGSEND = YES;
				GCC_C_LANGUAGE_STANDARD = gnu11;
				GCC_NO_COMMON_BLOCKS = YES;
				GCC_WARN_64_TO_32_BIT_CONVERSION = YES;
				GCC_WARN_ABOUT_RETURN_TYPE = YES_ERROR;
				GCC_WARN_UNDECLARED_SELECTOR = YES;
				GCC_WARN_UNINITIALIZED_AUTOS = YES_AGGRESSIVE;
				GCC_WARN_UNUSED_FUNCTION = YES;
				GCC_WARN_UNUSED_VARIABLE = YES;
				IPHONEOS_DEPLOYMENT_TARGET = 11.0;
				MTL_ENABLE_DEBUG_INFO = NO;
				SDKROOT = iphoneos;
				SWIFT_OPTIMIZATION_LEVEL = "-Owholemodule";
				VALIDATE_PRODUCT = YES;
			};
			name = Release;
		};
		D81D30DF1F756B180009BD94 /* Debug */ = {
			isa = XCBuildConfiguration;
			baseConfigurationReference = D6828F5EF39C65C6AEA12672 /* Pods-kc-Madrid-shops.debug.xcconfig */;
			buildSettings = {
				ASSETCATALOG_COMPILER_APPICON_NAME = AppIcon;
				CODE_SIGN_STYLE = Automatic;
				INFOPLIST_FILE = "kc-Madrid-shops/Info.plist";
				IPHONEOS_DEPLOYMENT_TARGET = 10.0;
				LD_RUNPATH_SEARCH_PATHS = "$(inherited) @executable_path/Frameworks";
				PRODUCT_BUNDLE_IDENTIFIER = "com.bustos.kc-Madrid-shops";
				PRODUCT_NAME = "$(TARGET_NAME)";
				SWIFT_VERSION = 3.0;
				TARGETED_DEVICE_FAMILY = 1;
			};
			name = Debug;
		};
		D81D30E01F756B180009BD94 /* Release */ = {
			isa = XCBuildConfiguration;
			baseConfigurationReference = CFF948BBD5DBB6476DB01BBE /* Pods-kc-Madrid-shops.release.xcconfig */;
			buildSettings = {
				ASSETCATALOG_COMPILER_APPICON_NAME = AppIcon;
				CODE_SIGN_STYLE = Automatic;
				INFOPLIST_FILE = "kc-Madrid-shops/Info.plist";
				IPHONEOS_DEPLOYMENT_TARGET = 10.0;
				LD_RUNPATH_SEARCH_PATHS = "$(inherited) @executable_path/Frameworks";
				PRODUCT_BUNDLE_IDENTIFIER = "com.bustos.kc-Madrid-shops";
				PRODUCT_NAME = "$(TARGET_NAME)";
				SWIFT_VERSION = 3.0;
				TARGETED_DEVICE_FAMILY = 1;
			};
			name = Release;
		};
		D81D30E21F756B180009BD94 /* Debug */ = {
			isa = XCBuildConfiguration;
			buildSettings = {
				ALWAYS_EMBED_SWIFT_STANDARD_LIBRARIES = YES;
				BUNDLE_LOADER = "$(TEST_HOST)";
				CODE_SIGN_STYLE = Automatic;
				INFOPLIST_FILE = "kc-Madrid-shopsTests/Info.plist";
				LD_RUNPATH_SEARCH_PATHS = "$(inherited) @executable_path/Frameworks @loader_path/Frameworks";
				PRODUCT_BUNDLE_IDENTIFIER = "com.bustos.kc-Madrid-shopsTests";
				PRODUCT_NAME = "$(TARGET_NAME)";
				SWIFT_VERSION = 4.0;
				TARGETED_DEVICE_FAMILY = "1,2";
				TEST_HOST = "$(BUILT_PRODUCTS_DIR)/kc-Madrid-shops.app/kc-Madrid-shops";
			};
			name = Debug;
		};
		D81D30E31F756B180009BD94 /* Release */ = {
			isa = XCBuildConfiguration;
			buildSettings = {
				ALWAYS_EMBED_SWIFT_STANDARD_LIBRARIES = YES;
				BUNDLE_LOADER = "$(TEST_HOST)";
				CODE_SIGN_STYLE = Automatic;
				INFOPLIST_FILE = "kc-Madrid-shopsTests/Info.plist";
				LD_RUNPATH_SEARCH_PATHS = "$(inherited) @executable_path/Frameworks @loader_path/Frameworks";
				PRODUCT_BUNDLE_IDENTIFIER = "com.bustos.kc-Madrid-shopsTests";
				PRODUCT_NAME = "$(TARGET_NAME)";
				SWIFT_VERSION = 4.0;
				TARGETED_DEVICE_FAMILY = "1,2";
				TEST_HOST = "$(BUILT_PRODUCTS_DIR)/kc-Madrid-shops.app/kc-Madrid-shops";
			};
			name = Release;
		};
/* End XCBuildConfiguration section */

/* Begin XCConfigurationList section */
		D81D30B91F756B180009BD94 /* Build configuration list for PBXProject "kc-Madrid-shops" */ = {
			isa = XCConfigurationList;
			buildConfigurations = (
				D81D30DC1F756B180009BD94 /* Debug */,
				D81D30DD1F756B180009BD94 /* Release */,
			);
			defaultConfigurationIsVisible = 0;
			defaultConfigurationName = Release;
		};
		D81D30DE1F756B180009BD94 /* Build configuration list for PBXNativeTarget "kc-Madrid-shops" */ = {
			isa = XCConfigurationList;
			buildConfigurations = (
				D81D30DF1F756B180009BD94 /* Debug */,
				D81D30E01F756B180009BD94 /* Release */,
			);
			defaultConfigurationIsVisible = 0;
			defaultConfigurationName = Release;
		};
		D81D30E11F756B180009BD94 /* Build configuration list for PBXNativeTarget "kc-Madrid-shopsTests" */ = {
			isa = XCConfigurationList;
			buildConfigurations = (
				D81D30E21F756B180009BD94 /* Debug */,
				D81D30E31F756B180009BD94 /* Release */,
			);
			defaultConfigurationIsVisible = 0;
			defaultConfigurationName = Release;
		};
/* End XCConfigurationList section */

/* Begin XCVersionGroup section */
		D81D30C81F756B180009BD94 /* kc_Madrid_shops.xcdatamodeld */ = {
			isa = XCVersionGroup;
			children = (
				D81D30C91F756B180009BD94 /* kc_Madrid_shops.xcdatamodel */,
			);
			currentVersion = D81D30C91F756B180009BD94 /* kc_Madrid_shops.xcdatamodel */;
			path = kc_Madrid_shops.xcdatamodeld;
			sourceTree = "<group>";
			versionGroupType = wrapper.xcdatamodel;
		};
/* End XCVersionGroup section */
	};
	rootObject = D81D30B61F756B180009BD94 /* Project object */;
}
